
Microsoft Visual Studio Solution File, Format Version 12.00
# Visual Studio Version 17
VisualStudioVersion = 17.14.36518.9 d17.14
MinimumVisualStudioVersion = 10.0.40219.1
Project("{FAE04EC0-301F-11D3-BF4B-00C04F79EFBC}") = "FinalLabActivity1", "FinalLabActivity1\FinalLabActivity1.csproj", "{0A84F7D7-8D9A-49CA-A20F-F3821DACD445}"
EndProject
Global
	GlobalSection(SolutionConfigurationPlatforms) = preSolution
		Debug|Any CPU = Debug|Any CPU
		Release|Any CPU = Release|Any CPU
	EndGlobalSection
	GlobalSection(ProjectConfigurationPlatforms) = postSolution
		{0A84F7D7-8D9A-49CA-A20F-F3821DACD445}.Debug|Any CPU.ActiveCfg = Debug|Any CPU
		{0A84F7D7-8D9A-49CA-A20F-F3821DACD445}.Debug|Any CPU.Build.0 = Debug|Any CPU
		{0A84F7D7-8D9A-49CA-A20F-F3821DACD445}.Release|Any CPU.ActiveCfg = Release|Any CPU
		{0A84F7D7-8D9A-49CA-A20F-F3821DACD445}.Release|Any CPU.Build.0 = Release|Any CPU
	EndGlobalSection
	GlobalSection(SolutionProperties) = preSolution
		HideSolutionNode = FALSE
	EndGlobalSection
	GlobalSection(ExtensibilityGlobals) = postSolution
		SolutionGuid = {FAC4548A-D4E2-4C07-924C-02EEEDC0D172}
	EndGlobalSection
EndGlobal
